
Microsoft Visual Studio Solution File, Format Version 12.00
# Visual Studio 15
VisualStudioVersion = 15.0.28010.2050
MinimumVisualStudioVersion = 10.0.40219.1
Project("{FAE04EC0-301F-11D3-BF4B-00C04F79EFBC}") = "BDE_MDE", "BDE_MDE\BDE_MDE.csproj", "{E0B6A5EC-C604-4C19-939C-85C0A64B53CA}"
EndProject
Project("{FAE04EC0-301F-11D3-BF4B-00C04F79EFBC}") = "CSVtoDatatable", "CSVtoDatatable\CSVtoDatatable.csproj", "{A72639B6-B5AB-4213-B662-5F091427D271}"
EndProject
Project("{FAE04EC0-301F-11D3-BF4B-00C04F79EFBC}") = "SAP_RFC", "SAP_RFC\SAP_RFC.csproj", "{35D1F5F5-F4C9-42BB-9E21-3AAA0A26439E}"
EndProject
Global
	GlobalSection(SolutionConfigurationPlatforms) = preSolution
		Debug|Any CPU = Debug|Any CPU
		Release|Any CPU = Release|Any CPU
	EndGlobalSection
	GlobalSection(ProjectConfigurationPlatforms) = postSolution
		{E0B6A5EC-C604-4C19-939C-85C0A64B53CA}.Debug|Any CPU.ActiveCfg = Debug|Any CPU
		{E0B6A5EC-C604-4C19-939C-85C0A64B53CA}.Debug|Any CPU.Build.0 = Debug|Any CPU
		{E0B6A5EC-C604-4C19-939C-85C0A64B53CA}.Release|Any CPU.ActiveCfg = Release|Any CPU
		{E0B6A5EC-C604-4C19-939C-85C0A64B53CA}.Release|Any CPU.Build.0 = Release|Any CPU
		{A72639B6-B5AB-4213-B662-5F091427D271}.Debug|Any CPU.ActiveCfg = Debug|Any CPU
		{A72639B6-B5AB-4213-B662-5F091427D271}.Debug|Any CPU.Build.0 = Debug|Any CPU
		{A72639B6-B5AB-4213-B662-5F091427D271}.Release|Any CPU.ActiveCfg = Release|Any CPU
		{A72639B6-B5AB-4213-B662-5F091427D271}.Release|Any CPU.Build.0 = Release|Any CPU
		{35D1F5F5-F4C9-42BB-9E21-3AAA0A26439E}.Debug|Any CPU.ActiveCfg = Debug|Any CPU
		{35D1F5F5-F4C9-42BB-9E21-3AAA0A26439E}.Debug|Any CPU.Build.0 = Debug|Any CPU
		{35D1F5F5-F4C9-42BB-9E21-3AAA0A26439E}.Release|Any CPU.ActiveCfg = Release|Any CPU
		{35D1F5F5-F4C9-42BB-9E21-3AAA0A26439E}.Release|Any CPU.Build.0 = Release|Any CPU
	EndGlobalSection
	GlobalSection(SolutionProperties) = preSolution
		HideSolutionNode = FALSE
	EndGlobalSection
	GlobalSection(ExtensibilityGlobals) = postSolution
		SolutionGuid = {33FD46AE-6907-43B0-B59F-996D499205FB}
	EndGlobalSection
EndGlobal
